
Microsoft Visual Studio Solution File, Format Version 12.00
# Visual Studio Version 17
VisualStudioVersion = 17.7.34018.315
MinimumVisualStudioVersion = 10.0.40219.1
Project("{8BC9CEB8-8B4A-11D0-8D11-00A0C91BC942}") = "Engine", "Engine\Engine.vcxproj", "{AC705F75-0171-4AC0-8907-52234C67C865}"
EndProject
Project("{9A19103F-16F7-4668-BE54-9A1E7A4F7556}") = "MessageBusWebAPI", "MessageBusWebAPI\MessageBusWebAPI.csproj", "{802C5833-4981-42DA-A264-261C886CF671}"
EndProject
Project("{8BC9CEB8-8B4A-11D0-8D11-00A0C91BC942}") = "modHTTP", "modHTTP\modHTTP.vcxproj", "{E4E66983-22EC-4319-9A17-C192186A6C69}"
EndProject
Project("{8BC9CEB8-8B4A-11D0-8D11-00A0C91BC942}") = "modWindows", "modWindows\modWindows.vcxproj", "{D1EBB20D-1128-4F23-B612-18442E00DC3A}"
EndProject
Project("{8BC9CEB8-8B4A-11D0-8D11-00A0C91BC942}") = "TestJSON", "TestJSON\TestJSON.vcxproj", "{F16D01BF-5ACA-4A17-AE4C-5B0F586EFDF5}"
EndProject
Project("{8BC9CEB8-8B4A-11D0-8D11-00A0C91BC942}") = "Viewer", "Viewer\Viewer.vcxproj", "{EC3A9193-F791-4B89-91B1-09E29A23576B}"
EndProject
Project("{9A19103F-16F7-4668-BE54-9A1E7A4F7556}") = "modWorldLog", "modWorldLog\modWorldLog.csproj", "{7CE7BBD4-A08A-42DA-B006-E614968F1FCC}"
EndProject
Project("{8BC9CEB8-8B4A-11D0-8D11-00A0C91BC942}") = "modMessageBusClient", "modMessageBusClient\modMessageBusClient.vcxproj", "{F6CE158E-0DDC-4086-9640-D63D65D21A64}"
EndProject
Project("{9A19103F-16F7-4668-BE54-9A1E7A4F7556}") = "modSelfSignedIssuer", "modSelfSignedIssuer\modSelfSignedIssuer.csproj", "{61591936-4EA1-4AC1-A420-4A3CEDF3B49F}"
EndProject
Global
	GlobalSection(SolutionConfigurationPlatforms) = preSolution
		Debug|Any CPU = Debug|Any CPU
		Debug|x64 = Debug|x64
		Debug|x86 = Debug|x86
		Release|Any CPU = Release|Any CPU
		Release|x64 = Release|x64
		Release|x86 = Release|x86
	EndGlobalSection
	GlobalSection(ProjectConfigurationPlatforms) = postSolution
		{AC705F75-0171-4AC0-8907-52234C67C865}.Debug|Any CPU.ActiveCfg = Debug|x64
		{AC705F75-0171-4AC0-8907-52234C67C865}.Debug|Any CPU.Build.0 = Debug|x64
		{AC705F75-0171-4AC0-8907-52234C67C865}.Debug|x64.ActiveCfg = Debug|x64
		{AC705F75-0171-4AC0-8907-52234C67C865}.Debug|x64.Build.0 = Debug|x64
		{AC705F75-0171-4AC0-8907-52234C67C865}.Debug|x86.ActiveCfg = Debug|Win32
		{AC705F75-0171-4AC0-8907-52234C67C865}.Debug|x86.Build.0 = Debug|Win32
		{AC705F75-0171-4AC0-8907-52234C67C865}.Release|Any CPU.ActiveCfg = Release|x64
		{AC705F75-0171-4AC0-8907-52234C67C865}.Release|Any CPU.Build.0 = Release|x64
		{AC705F75-0171-4AC0-8907-52234C67C865}.Release|x64.ActiveCfg = Release|x64
		{AC705F75-0171-4AC0-8907-52234C67C865}.Release|x64.Build.0 = Release|x64
		{AC705F75-0171-4AC0-8907-52234C67C865}.Release|x86.ActiveCfg = Release|Win32
		{AC705F75-0171-4AC0-8907-52234C67C865}.Release|x86.Build.0 = Release|Win32
		{802C5833-4981-42DA-A264-261C886CF671}.Debug|Any CPU.ActiveCfg = Debug|Any CPU
		{802C5833-4981-42DA-A264-261C886CF671}.Debug|Any CPU.Build.0 = Debug|Any CPU
		{802C5833-4981-42DA-A264-261C886CF671}.Debug|x64.ActiveCfg = Debug|Any CPU
		{802C5833-4981-42DA-A264-261C886CF671}.Debug|x64.Build.0 = Debug|Any CPU
		{802C5833-4981-42DA-A264-261C886CF671}.Debug|x86.ActiveCfg = Debug|Any CPU
		{802C5833-4981-42DA-A264-261C886CF671}.Debug|x86.Build.0 = Debug|Any CPU
		{802C5833-4981-42DA-A264-261C886CF671}.Release|Any CPU.ActiveCfg = Release|Any CPU
		{802C5833-4981-42DA-A264-261C886CF671}.Release|Any CPU.Build.0 = Release|Any CPU
		{802C5833-4981-42DA-A264-261C886CF671}.Release|x64.ActiveCfg = Release|Any CPU
		{802C5833-4981-42DA-A264-261C886CF671}.Release|x64.Build.0 = Release|Any CPU
		{802C5833-4981-42DA-A264-261C886CF671}.Release|x86.ActiveCfg = Release|Any CPU
		{802C5833-4981-42DA-A264-261C886CF671}.Release|x86.Build.0 = Release|Any CPU
		{E4E66983-22EC-4319-9A17-C192186A6C69}.Debug|Any CPU.ActiveCfg = Debug|x64
		{E4E66983-22EC-4319-9A17-C192186A6C69}.Debug|Any CPU.Build.0 = Debug|x64
		{E4E66983-22EC-4319-9A17-C192186A6C69}.Debug|x64.ActiveCfg = Debug|x64
		{E4E66983-22EC-4319-9A17-C192186A6C69}.Debug|x64.Build.0 = Debug|x64
		{E4E66983-22EC-4319-9A17-C192186A6C69}.Debug|x86.ActiveCfg = Debug|Win32
		{E4E66983-22EC-4319-9A17-C192186A6C69}.Debug|x86.Build.0 = Debug|Win32
		{E4E66983-22EC-4319-9A17-C192186A6C69}.Release|Any CPU.ActiveCfg = Release|x64
		{E4E66983-22EC-4319-9A17-C192186A6C69}.Release|Any CPU.Build.0 = Release|x64
		{E4E66983-22EC-4319-9A17-C192186A6C69}.Release|x64.ActiveCfg = Release|x64
		{E4E66983-22EC-4319-9A17-C192186A6C69}.Release|x64.Build.0 = Release|x64
		{E4E66983-22EC-4319-9A17-C192186A6C69}.Release|x86.ActiveCfg = Release|Win32
		{E4E66983-22EC-4319-9A17-C192186A6C69}.Release|x86.Build.0 = Release|Win32
		{D1EBB20D-1128-4F23-B612-18442E00DC3A}.Debug|Any CPU.ActiveCfg = Debug|x64
		{D1EBB20D-1128-4F23-B612-18442E00DC3A}.Debug|Any CPU.Build.0 = Debug|x64
		{D1EBB20D-1128-4F23-B612-18442E00DC3A}.Debug|x64.ActiveCfg = Debug|x64
		{D1EBB20D-1128-4F23-B612-18442E00DC3A}.Debug|x64.Build.0 = Debug|x64
		{D1EBB20D-1128-4F23-B612-18442E00DC3A}.Debug|x86.ActiveCfg = Debug|Win32
		{D1EBB20D-1128-4F23-B612-18442E00DC3A}.Debug|x86.Build.0 = Debug|Win32
		{D1EBB20D-1128-4F23-B612-18442E00DC3A}.Release|Any CPU.ActiveCfg = Release|x64
		{D1EBB20D-1128-4F23-B612-18442E00DC3A}.Release|Any CPU.Build.0 = Release|x64
		{D1EBB20D-1128-4F23-B612-18442E00DC3A}.Release|x64.ActiveCfg = Release|x64
		{D1EBB20D-1128-4F23-B612-18442E00DC3A}.Release|x64.Build.0 = Release|x64
		{D1EBB20D-1128-4F23-B612-18442E00DC3A}.Release|x86.ActiveCfg = Release|Win32
		{D1EBB20D-1128-4F23-B612-18442E00DC3A}.Release|x86.Build.0 = Release|Win32
		{F16D01BF-5ACA-4A17-AE4C-5B0F586EFDF5}.Debug|Any CPU.ActiveCfg = Debug|x64
		{F16D01BF-5ACA-4A17-AE4C-5B0F586EFDF5}.Debug|Any CPU.Build.0 = Debug|x64
		{F16D01BF-5ACA-4A17-AE4C-5B0F586EFDF5}.Debug|x64.ActiveCfg = Debug|x64
		{F16D01BF-5ACA-4A17-AE4C-5B0F586EFDF5}.Debug|x64.Build.0 = Debug|x64
		{F16D01BF-5ACA-4A17-AE4C-5B0F586EFDF5}.Debug|x86.ActiveCfg = Debug|Win32
		{F16D01BF-5ACA-4A17-AE4C-5B0F586EFDF5}.Debug|x86.Build.0 = Debug|Win32
		{F16D01BF-5ACA-4A17-AE4C-5B0F586EFDF5}.Release|Any CPU.ActiveCfg = Release|x64
		{F16D01BF-5ACA-4A17-AE4C-5B0F586EFDF5}.Release|Any CPU.Build.0 = Release|x64
		{F16D01BF-5ACA-4A17-AE4C-5B0F586EFDF5}.Release|x64.ActiveCfg = Release|x64
		{F16D01BF-5ACA-4A17-AE4C-5B0F586EFDF5}.Release|x64.Build.0 = Release|x64
		{F16D01BF-5ACA-4A17-AE4C-5B0F586EFDF5}.Release|x86.ActiveCfg = Release|Win32
		{F16D01BF-5ACA-4A17-AE4C-5B0F586EFDF5}.Release|x86.Build.0 = Release|Win32
		{EC3A9193-F791-4B89-91B1-09E29A23576B}.Debug|Any CPU.ActiveCfg = Debug|x64
		{EC3A9193-F791-4B89-91B1-09E29A23576B}.Debug|Any CPU.Build.0 = Debug|x64
		{EC3A9193-F791-4B89-91B1-09E29A23576B}.Debug|x64.ActiveCfg = Debug|x64
		{EC3A9193-F791-4B89-91B1-09E29A23576B}.Debug|x64.Build.0 = Debug|x64
		{EC3A9193-F791-4B89-91B1-09E29A23576B}.Debug|x86.ActiveCfg = Debug|Win32
		{EC3A9193-F791-4B89-91B1-09E29A23576B}.Debug|x86.Build.0 = Debug|Win32
		{EC3A9193-F791-4B89-91B1-09E29A23576B}.Release|Any CPU.ActiveCfg = Release|x64
		{EC3A9193-F791-4B89-91B1-09E29A23576B}.Release|Any CPU.Build.0 = Release|x64
		{EC3A9193-F791-4B89-91B1-09E29A23576B}.Release|x64.ActiveCfg = Release|x64
		{EC3A9193-F791-4B89-91B1-09E29A23576B}.Release|x64.Build.0 = Release|x64
		{EC3A9193-F791-4B89-91B1-09E29A23576B}.Release|x86.ActiveCfg = Release|Win32
		{EC3A9193-F791-4B89-91B1-09E29A23576B}.Release|x86.Build.0 = Release|Win32
		{7CE7BBD4-A08A-42DA-B006-E614968F1FCC}.Debug|Any CPU.ActiveCfg = Debug|Any CPU
		{7CE7BBD4-A08A-42DA-B006-E614968F1FCC}.Debug|Any CPU.Build.0 = Debug|Any CPU
		{7CE7BBD4-A08A-42DA-B006-E614968F1FCC}.Debug|x64.ActiveCfg = Debug|Any CPU
		{7CE7BBD4-A08A-42DA-B006-E614968F1FCC}.Debug|x64.Build.0 = Debug|Any CPU
		{7CE7BBD4-A08A-42DA-B006-E614968F1FCC}.Debug|x86.ActiveCfg = Debug|Any CPU
		{7CE7BBD4-A08A-42DA-B006-E614968F1FCC}.Debug|x86.Build.0 = Debug|Any CPU
		{7CE7BBD4-A08A-42DA-B006-E614968F1FCC}.Release|Any CPU.ActiveCfg = Release|Any CPU
		{7CE7BBD4-A08A-42DA-B006-E614968F1FCC}.Release|Any CPU.Build.0 = Release|Any CPU
		{7CE7BBD4-A08A-42DA-B006-E614968F1FCC}.Release|x64.ActiveCfg = Release|Any CPU
		{7CE7BBD4-A08A-42DA-B006-E614968F1FCC}.Release|x64.Build.0 = Release|Any CPU
		{7CE7BBD4-A08A-42DA-B006-E614968F1FCC}.Release|x86.ActiveCfg = Release|Any CPU
		{7CE7BBD4-A08A-42DA-B006-E614968F1FCC}.Release|x86.Build.0 = Release|Any CPU
		{F6CE158E-0DDC-4086-9640-D63D65D21A64}.Debug|Any CPU.ActiveCfg = Debug|x64
		{F6CE158E-0DDC-4086-9640-D63D65D21A64}.Debug|Any CPU.Build.0 = Debug|x64
		{F6CE158E-0DDC-4086-9640-D63D65D21A64}.Debug|x64.ActiveCfg = Debug|x64
		{F6CE158E-0DDC-4086-9640-D63D65D21A64}.Debug|x64.Build.0 = Debug|x64
		{F6CE158E-0DDC-4086-9640-D63D65D21A64}.Debug|x86.ActiveCfg = Debug|Win32
		{F6CE158E-0DDC-4086-9640-D63D65D21A64}.Debug|x86.Build.0 = Debug|Win32
		{F6CE158E-0DDC-4086-9640-D63D65D21A64}.Release|Any CPU.ActiveCfg = Release|x64
		{F6CE158E-0DDC-4086-9640-D63D65D21A64}.Release|Any CPU.Build.0 = Release|x64
		{F6CE158E-0DDC-4086-9640-D63D65D21A64}.Release|x64.ActiveCfg = Release|x64
		{F6CE158E-0DDC-4086-9640-D63D65D21A64}.Release|x64.Build.0 = Release|x64
		{F6CE158E-0DDC-4086-9640-D63D65D21A64}.Release|x86.ActiveCfg = Release|Win32
		{F6CE158E-0DDC-4086-9640-D63D65D21A64}.Release|x86.Build.0 = Release|Win32
		{61591936-4EA1-4AC1-A420-4A3CEDF3B49F}.Debug|Any CPU.ActiveCfg = Debug|Any CPU
		{61591936-4EA1-4AC1-A420-4A3CEDF3B49F}.Debug|Any CPU.Build.0 = Debug|Any CPU
		{61591936-4EA1-4AC1-A420-4A3CEDF3B49F}.Debug|x64.ActiveCfg = Debug|Any CPU
		{61591936-4EA1-4AC1-A420-4A3CEDF3B49F}.Debug|x64.Build.0 = Debug|Any CPU
		{61591936-4EA1-4AC1-A420-4A3CEDF3B49F}.Debug|x86.ActiveCfg = Debug|Any CPU
		{61591936-4EA1-4AC1-A420-4A3CEDF3B49F}.Debug|x86.Build.0 = Debug|Any CPU
		{61591936-4EA1-4AC1-A420-4A3CEDF3B49F}.Release|Any CPU.ActiveCfg = Release|Any CPU
		{61591936-4EA1-4AC1-A420-4A3CEDF3B49F}.Release|Any CPU.Build.0 = Release|Any CPU
		{61591936-4EA1-4AC1-A420-4A3CEDF3B49F}.Release|x64.ActiveCfg = Release|Any CPU
		{61591936-4EA1-4AC1-A420-4A3CEDF3B49F}.Release|x64.Build.0 = Release|Any CPU
		{61591936-4EA1-4AC1-A420-4A3CEDF3B49F}.Release|x86.ActiveCfg = Release|Any CPU
		{61591936-4EA1-4AC1-A420-4A3CEDF3B49F}.Release|x86.Build.0 = Release|Any CPU
	EndGlobalSection
	GlobalSection(SolutionProperties) = preSolution
		HideSolutionNode = FALSE
	EndGlobalSection
	GlobalSection(ExtensibilityGlobals) = postSolution
		SolutionGuid = {F9F7F08C-F082-4380-96D3-A598C136B25D}
	EndGlobalSection
EndGlobal
